
Microsoft Visual Studio Solution File, Format Version 12.00
# Visual Studio Version 17
VisualStudioVersion = 17.13.35931.197 d17.13
MinimumVisualStudioVersion = 10.0.40219.1
Project("{FAE04EC0-301F-11D3-BF4B-00C04F79EFBC}") = "MordernClock", "MordernClock.csproj", "{284E0EE1-94EB-4FFF-BAD8-62BDC0115EEE}"
EndProject
Global
	GlobalSection(SolutionConfigurationPlatforms) = preSolution
		Debug|Any CPU = Debug|Any CPU
		Release|Any CPU = Release|Any CPU
	EndGlobalSection
	GlobalSection(ProjectConfigurationPlatforms) = postSolution
		{284E0EE1-94EB-4FFF-BAD8-62BDC0115EEE}.Debug|Any CPU.ActiveCfg = Debug|Any CPU
		{284E0EE1-94EB-4FFF-BAD8-62BDC0115EEE}.Debug|Any CPU.Build.0 = Debug|Any CPU
		{284E0EE1-94EB-4FFF-BAD8-62BDC0115EEE}.Release|Any CPU.ActiveCfg = Release|Any CPU
		{284E0EE1-94EB-4FFF-BAD8-62BDC0115EEE}.Release|Any CPU.Build.0 = Release|Any CPU
	EndGlobalSection
	GlobalSection(SolutionProperties) = preSolution
		HideSolutionNode = FALSE
	EndGlobalSection
	GlobalSection(ExtensibilityGlobals) = postSolution
		SolutionGuid = {7CBD47F9-99A7-440F-822D-C93569719048}
	EndGlobalSection
EndGlobal
